
Microsoft Visual Studio Solution File, Format Version 12.00
# Visual Studio Version 17
VisualStudioVersion = 17.9.34728.123
MinimumVisualStudioVersion = 10.0.40219.1
Project("{FAE04EC0-301F-11D3-BF4B-00C04F79EFBC}") = "CryptoWeb", "CryptoWeb\CryptoWeb.csproj", "{0275954E-BBA6-496C-AA9B-AD942FA1F614}"
EndProject
Global
	GlobalSection(SolutionConfigurationPlatforms) = preSolution
		Debug|Any CPU = Debug|Any CPU
		Release|Any CPU = Release|Any CPU
	EndGlobalSection
	GlobalSection(ProjectConfigurationPlatforms) = postSolution
		{0275954E-BBA6-496C-AA9B-AD942FA1F614}.Debug|Any CPU.ActiveCfg = Debug|Any CPU
		{0275954E-BBA6-496C-AA9B-AD942FA1F614}.Debug|Any CPU.Build.0 = Debug|Any CPU
		{0275954E-BBA6-496C-AA9B-AD942FA1F614}.Release|Any CPU.ActiveCfg = Release|Any CPU
		{0275954E-BBA6-496C-AA9B-AD942FA1F614}.Release|Any CPU.Build.0 = Release|Any CPU
	EndGlobalSection
	GlobalSection(SolutionProperties) = preSolution
		HideSolutionNode = FALSE
	EndGlobalSection
	GlobalSection(ExtensibilityGlobals) = postSolution
		SolutionGuid = {06072624-365C-42AE-88FF-FFB12A407F17}
	EndGlobalSection
EndGlobal
